
Microsoft Visual Studio Solution File, Format Version 12.00
# Visual Studio Version 17
VisualStudioVersion = 17.2.32602.215
MinimumVisualStudioVersion = 10.0.40219.1
Project("{FAE04EC0-301F-11D3-BF4B-00C04F79EFBC}") = "MinhaTelaFofinha", "MinhaTelaFofinha.csproj", "{71B6752F-C5E4-4BB9-8D04-4C6F9B168E70}"
EndProject
Global
	GlobalSection(SolutionConfigurationPlatforms) = preSolution
		Debug|Any CPU = Debug|Any CPU
		Release|Any CPU = Release|Any CPU
	EndGlobalSection
	GlobalSection(ProjectConfigurationPlatforms) = postSolution
		{71B6752F-C5E4-4BB9-8D04-4C6F9B168E70}.Debug|Any CPU.ActiveCfg = Debug|Any CPU
		{71B6752F-C5E4-4BB9-8D04-4C6F9B168E70}.Debug|Any CPU.Build.0 = Debug|Any CPU
		{71B6752F-C5E4-4BB9-8D04-4C6F9B168E70}.Release|Any CPU.ActiveCfg = Release|Any CPU
		{71B6752F-C5E4-4BB9-8D04-4C6F9B168E70}.Release|Any CPU.Build.0 = Release|Any CPU
	EndGlobalSection
	GlobalSection(SolutionProperties) = preSolution
		HideSolutionNode = FALSE
	EndGlobalSection
	GlobalSection(ExtensibilityGlobals) = postSolution
		SolutionGuid = {9F9F6F10-52BA-46AE-8499-DE1F7E2C4067}
	EndGlobalSection
EndGlobal
