
Microsoft Visual Studio Solution File, Format Version 12.00
# Visual Studio Version 17
VisualStudioVersion = 17.2.32602.215
MinimumVisualStudioVersion = 10.0.40219.1
Project("{FAE04EC0-301F-11D3-BF4B-00C04F79EFBC}") = "BancoDeFofos", "BancoDeFofos.csproj", "{3BE7764C-7B37-466D-96F9-F27EC28E9393}"
EndProject
Global
	GlobalSection(SolutionConfigurationPlatforms) = preSolution
		Debug|Any CPU = Debug|Any CPU
		Release|Any CPU = Release|Any CPU
	EndGlobalSection
	GlobalSection(ProjectConfigurationPlatforms) = postSolution
		{3BE7764C-7B37-466D-96F9-F27EC28E9393}.Debug|Any CPU.ActiveCfg = Debug|Any CPU
		{3BE7764C-7B37-466D-96F9-F27EC28E9393}.Debug|Any CPU.Build.0 = Debug|Any CPU
		{3BE7764C-7B37-466D-96F9-F27EC28E9393}.Release|Any CPU.ActiveCfg = Release|Any CPU
		{3BE7764C-7B37-466D-96F9-F27EC28E9393}.Release|Any CPU.Build.0 = Release|Any CPU
	EndGlobalSection
	GlobalSection(SolutionProperties) = preSolution
		HideSolutionNode = FALSE
	EndGlobalSection
	GlobalSection(ExtensibilityGlobals) = postSolution
		SolutionGuid = {9DE81153-6747-48E9-9F3B-499B3A675A00}
	EndGlobalSection
EndGlobal
